
Microsoft Visual Studio Solution File, Format Version 12.00
# Visual Studio Version 17
VisualStudioVersion = 17.5.33103.201
MinimumVisualStudioVersion = 10.0.40219.1
Project("{9A19103F-16F7-4668-BE54-9A1E7A4F7556}") = "EventManager.Core.Domain", "EventManager.Core.Domain\EventManager.Core.Domain.csproj", "{BF7C3CB8-E304-4C16-B762-C9E0DB7B88B6}"
EndProject
Project("{9A19103F-16F7-4668-BE54-9A1E7A4F7556}") = "EventManager.Core.Application", "EventManager.Core.Application\EventManager.Core.Application.csproj", "{05149903-D515-4FF3-9932-C2F780F49B7C}"
EndProject
Project("{9A19103F-16F7-4668-BE54-9A1E7A4F7556}") = "EventManager.Infrastructure.Sql", "EventManager.Infrastructure.Sql\EventManager.Infrastructure.Sql.csproj", "{A8D304C0-3CCE-413F-9EA3-C1E63FBB5EEE}"
EndProject
Project("{9A19103F-16F7-4668-BE54-9A1E7A4F7556}") = "EventManager.Web.Api", "EventManager.Web.Api\EventManager.Web.Api.csproj", "{27EB9CE0-47E9-4FC7-9E0C-35B1FD57C8FE}"
EndProject
Project("{2150E333-8FDC-42A3-9474-1A3956D46DE8}") = "Src", "Src", "{56760F9E-49D9-4BB1-887D-25E92B3E9139}"
EndProject
Project("{2150E333-8FDC-42A3-9474-1A3956D46DE8}") = "Tests", "Tests", "{95BA6A27-1468-4B7A-A52C-B3E5E28E0972}"
EndProject
Project("{9A19103F-16F7-4668-BE54-9A1E7A4F7556}") = "EventManager.UnitTests", "EventManager.UnitTests\EventManager.UnitTests.csproj", "{4B4FF722-7FF2-484B-99A8-14F294927284}"
EndProject
Project("{FAE04EC0-301F-11D3-BF4B-00C04F79EFBC}") = "EventManager.Infrastructure.Auth", "EventManager.Infrustructure.Identity\EventManager.Infrastructure.Auth.csproj", "{6F5A9914-4326-40B1-951F-F01861E88A5E}"
EndProject
Project("{FAE04EC0-301F-11D3-BF4B-00C04F79EFBC}") = "EventManager.Web.App", "EventManager.Web.App\EventManager.Web.App.csproj", "{A15A26B3-F372-48BB-81D7-FA7323D1F2B4}"
EndProject
Project("{FAE04EC0-301F-11D3-BF4B-00C04F79EFBC}") = "EventManager.IntegrationTests", "EventManager.IntegrationTests\EventManager.IntegrationTests.csproj", "{EBE293C0-77FD-460A-9624-8869FE9E067D}"
EndProject
Global
	GlobalSection(SolutionConfigurationPlatforms) = preSolution
		Debug|Any CPU = Debug|Any CPU
		Release|Any CPU = Release|Any CPU
	EndGlobalSection
	GlobalSection(ProjectConfigurationPlatforms) = postSolution
		{BF7C3CB8-E304-4C16-B762-C9E0DB7B88B6}.Debug|Any CPU.ActiveCfg = Debug|Any CPU
		{BF7C3CB8-E304-4C16-B762-C9E0DB7B88B6}.Debug|Any CPU.Build.0 = Debug|Any CPU
		{BF7C3CB8-E304-4C16-B762-C9E0DB7B88B6}.Release|Any CPU.ActiveCfg = Release|Any CPU
		{BF7C3CB8-E304-4C16-B762-C9E0DB7B88B6}.Release|Any CPU.Build.0 = Release|Any CPU
		{05149903-D515-4FF3-9932-C2F780F49B7C}.Debug|Any CPU.ActiveCfg = Debug|Any CPU
		{05149903-D515-4FF3-9932-C2F780F49B7C}.Debug|Any CPU.Build.0 = Debug|Any CPU
		{05149903-D515-4FF3-9932-C2F780F49B7C}.Release|Any CPU.ActiveCfg = Release|Any CPU
		{05149903-D515-4FF3-9932-C2F780F49B7C}.Release|Any CPU.Build.0 = Release|Any CPU
		{A8D304C0-3CCE-413F-9EA3-C1E63FBB5EEE}.Debug|Any CPU.ActiveCfg = Debug|Any CPU
		{A8D304C0-3CCE-413F-9EA3-C1E63FBB5EEE}.Debug|Any CPU.Build.0 = Debug|Any CPU
		{A8D304C0-3CCE-413F-9EA3-C1E63FBB5EEE}.Release|Any CPU.ActiveCfg = Release|Any CPU
		{A8D304C0-3CCE-413F-9EA3-C1E63FBB5EEE}.Release|Any CPU.Build.0 = Release|Any CPU
		{27EB9CE0-47E9-4FC7-9E0C-35B1FD57C8FE}.Debug|Any CPU.ActiveCfg = Debug|Any CPU
		{27EB9CE0-47E9-4FC7-9E0C-35B1FD57C8FE}.Debug|Any CPU.Build.0 = Debug|Any CPU
		{27EB9CE0-47E9-4FC7-9E0C-35B1FD57C8FE}.Release|Any CPU.ActiveCfg = Release|Any CPU
		{27EB9CE0-47E9-4FC7-9E0C-35B1FD57C8FE}.Release|Any CPU.Build.0 = Release|Any CPU
		{4B4FF722-7FF2-484B-99A8-14F294927284}.Debug|Any CPU.ActiveCfg = Debug|Any CPU
		{4B4FF722-7FF2-484B-99A8-14F294927284}.Debug|Any CPU.Build.0 = Debug|Any CPU
		{4B4FF722-7FF2-484B-99A8-14F294927284}.Release|Any CPU.ActiveCfg = Release|Any CPU
		{4B4FF722-7FF2-484B-99A8-14F294927284}.Release|Any CPU.Build.0 = Release|Any CPU
		{6F5A9914-4326-40B1-951F-F01861E88A5E}.Debug|Any CPU.ActiveCfg = Debug|Any CPU
		{6F5A9914-4326-40B1-951F-F01861E88A5E}.Debug|Any CPU.Build.0 = Debug|Any CPU
		{6F5A9914-4326-40B1-951F-F01861E88A5E}.Release|Any CPU.ActiveCfg = Release|Any CPU
		{6F5A9914-4326-40B1-951F-F01861E88A5E}.Release|Any CPU.Build.0 = Release|Any CPU
		{A15A26B3-F372-48BB-81D7-FA7323D1F2B4}.Debug|Any CPU.ActiveCfg = Debug|Any CPU
		{A15A26B3-F372-48BB-81D7-FA7323D1F2B4}.Debug|Any CPU.Build.0 = Debug|Any CPU
		{A15A26B3-F372-48BB-81D7-FA7323D1F2B4}.Release|Any CPU.ActiveCfg = Release|Any CPU
		{A15A26B3-F372-48BB-81D7-FA7323D1F2B4}.Release|Any CPU.Build.0 = Release|Any CPU
		{EBE293C0-77FD-460A-9624-8869FE9E067D}.Debug|Any CPU.ActiveCfg = Debug|Any CPU
		{EBE293C0-77FD-460A-9624-8869FE9E067D}.Debug|Any CPU.Build.0 = Debug|Any CPU
		{EBE293C0-77FD-460A-9624-8869FE9E067D}.Release|Any CPU.ActiveCfg = Release|Any CPU
		{EBE293C0-77FD-460A-9624-8869FE9E067D}.Release|Any CPU.Build.0 = Release|Any CPU
	EndGlobalSection
	GlobalSection(SolutionProperties) = preSolution
		HideSolutionNode = FALSE
	EndGlobalSection
	GlobalSection(NestedProjects) = preSolution
		{BF7C3CB8-E304-4C16-B762-C9E0DB7B88B6} = {56760F9E-49D9-4BB1-887D-25E92B3E9139}
		{05149903-D515-4FF3-9932-C2F780F49B7C} = {56760F9E-49D9-4BB1-887D-25E92B3E9139}
		{A8D304C0-3CCE-413F-9EA3-C1E63FBB5EEE} = {56760F9E-49D9-4BB1-887D-25E92B3E9139}
		{27EB9CE0-47E9-4FC7-9E0C-35B1FD57C8FE} = {56760F9E-49D9-4BB1-887D-25E92B3E9139}
		{4B4FF722-7FF2-484B-99A8-14F294927284} = {95BA6A27-1468-4B7A-A52C-B3E5E28E0972}
		{6F5A9914-4326-40B1-951F-F01861E88A5E} = {56760F9E-49D9-4BB1-887D-25E92B3E9139}
		{A15A26B3-F372-48BB-81D7-FA7323D1F2B4} = {56760F9E-49D9-4BB1-887D-25E92B3E9139}
		{EBE293C0-77FD-460A-9624-8869FE9E067D} = {95BA6A27-1468-4B7A-A52C-B3E5E28E0972}
	EndGlobalSection
	GlobalSection(ExtensibilityGlobals) = postSolution
		SolutionGuid = {D263D36D-8646-4409-8E9F-A0E23E29FCDC}
	EndGlobalSection
EndGlobal
